// !$*UTF8*$!
{
	archiveVersion = 1;
	classes = {
	};
	objectVersion = 51;
	objects = {

/* Begin PBXBuildFile section */
		0533D0C14A00D2DCCBF689FF /* Pods_ArbeitFirebase.framework in Frameworks */ = {isa = PBXBuildFile; fileRef = 83A60E5EA82CC02BE558EF75 /* Pods_ArbeitFirebase.framework */; };
		E74EEAA4253E0B9B0053B0A6 /* AppDelegate.swift in Sources */ = {isa = PBXBuildFile; fileRef = E74EEAA3253E0B9B0053B0A6 /* AppDelegate.swift */; };
		E74EEAA6253E0B9B0053B0A6 /* SceneDelegate.swift in Sources */ = {isa = PBXBuildFile; fileRef = E74EEAA5253E0B9B0053B0A6 /* SceneDelegate.swift */; };
		E74EEAAB253E0B9B0053B0A6 /* Main.storyboard in Resources */ = {isa = PBXBuildFile; fileRef = E74EEAA9253E0B9B0053B0A6 /* Main.storyboard */; };
		E74EEAAD253E0B9C0053B0A6 /* Assets.xcassets in Resources */ = {isa = PBXBuildFile; fileRef = E74EEAAC253E0B9C0053B0A6 /* Assets.xcassets */; };
		E74EEAB0253E0B9C0053B0A6 /* LaunchScreen.storyboard in Resources */ = {isa = PBXBuildFile; fileRef = E74EEAAE253E0B9C0053B0A6 /* LaunchScreen.storyboard */; };
		E74EEAC6253E21160053B0A6 /* Task.swift in Sources */ = {isa = PBXBuildFile; fileRef = E74EEAC5253E21160053B0A6 /* Task.swift */; };
		E74EEACA253E21A00053B0A6 /* User.swift in Sources */ = {isa = PBXBuildFile; fileRef = E74EEAC9253E21A00053B0A6 /* User.swift */; };
		E74EEADF253E3E500053B0A6 /* GoogleService-Info.plist in Resources */ = {isa = PBXBuildFile; fileRef = E74EEADE253E3E500053B0A6 /* GoogleService-Info.plist */; };
		E74EEAF3253E42570053B0A6 /* LoginController.swift in Sources */ = {isa = PBXBuildFile; fileRef = E74EEAF2253E42570053B0A6 /* LoginController.swift */; };
		E74EEAF8253E4EAB0053B0A6 /* TaskListController.swift in Sources */ = {isa = PBXBuildFile; fileRef = E74EEAF7253E4EAB0053B0A6 /* TaskListController.swift */; };
/* End PBXBuildFile section */

/* Begin PBXFileReference section */
		0EF23B91E96D6B1C1CB56CEA /* Pods-ArbeitFirebase.release.xcconfig */ = {isa = PBXFileReference; includeInIndex = 1; lastKnownFileType = text.xcconfig; name = "Pods-ArbeitFirebase.release.xcconfig"; path = "Target Support Files/Pods-ArbeitFirebase/Pods-ArbeitFirebase.release.xcconfig"; sourceTree = "<group>"; };
		83A60E5EA82CC02BE558EF75 /* Pods_ArbeitFirebase.framework */ = {isa = PBXFileReference; explicitFileType = wrapper.framework; includeInIndex = 0; path = Pods_ArbeitFirebase.framework; sourceTree = BUILT_PRODUCTS_DIR; };
		D8BCCF0E7FE54BDA575E44A6 /* Pods-ArbeitFirebase.debug.xcconfig */ = {isa = PBXFileReference; includeInIndex = 1; lastKnownFileType = text.xcconfig; name = "Pods-ArbeitFirebase.debug.xcconfig"; path = "Target Support Files/Pods-ArbeitFirebase/Pods-ArbeitFirebase.debug.xcconfig"; sourceTree = "<group>"; };
		E74EEAA0253E0B9B0053B0A6 /* ArbeitFirebase.app */ = {isa = PBXFileReference; explicitFileType = wrapper.application; includeInIndex = 0; path = ArbeitFirebase.app; sourceTree = BUILT_PRODUCTS_DIR; };
		E74EEAA3253E0B9B0053B0A6 /* AppDelegate.swift */ = {isa = PBXFileReference; lastKnownFileType = sourcecode.swift; path = AppDelegate.swift; sourceTree = "<group>"; };
		E74EEAA5253E0B9B0053B0A6 /* SceneDelegate.swift */ = {isa = PBXFileReference; lastKnownFileType = sourcecode.swift; path = SceneDelegate.swift; sourceTree = "<group>"; };
		E74EEAAA253E0B9B0053B0A6 /* Base */ = {isa = PBXFileReference; lastKnownFileType = file.storyboard; name = Base; path = Base.lproj/Main.storyboard; sourceTree = "<group>"; };
		E74EEAAC253E0B9C0053B0A6 /* Assets.xcassets */ = {isa = PBXFileReference; lastKnownFileType = folder.assetcatalog; path = Assets.xcassets; sourceTree = "<group>"; };
		E74EEAAF253E0B9C0053B0A6 /* Base */ = {isa = PBXFileReference; lastKnownFileType = file.storyboard; name = Base; path = Base.lproj/LaunchScreen.storyboard; sourceTree = "<group>"; };
		E74EEAB1253E0B9C0053B0A6 /* Info.plist */ = {isa = PBXFileReference; lastKnownFileType = text.plist.xml; path = Info.plist; sourceTree = "<group>"; };
		E74EEAC5253E21160053B0A6 /* Task.swift */ = {isa = PBXFileReference; lastKnownFileType = sourcecode.swift; path = Task.swift; sourceTree = "<group>"; };
		E74EEAC9253E21A00053B0A6 /* User.swift */ = {isa = PBXFileReference; lastKnownFileType = sourcecode.swift; path = User.swift; sourceTree = "<group>"; };
		E74EEADE253E3E500053B0A6 /* GoogleService-Info.plist */ = {isa = PBXFileReference; fileEncoding = 4; lastKnownFileType = text.plist.xml; path = "GoogleService-Info.plist"; sourceTree = "<group>"; };
		E74EEAF2253E42570053B0A6 /* LoginController.swift */ = {isa = PBXFileReference; lastKnownFileType = sourcecode.swift; path = LoginController.swift; sourceTree = "<group>"; };
		E74EEAF7253E4EAB0053B0A6 /* TaskListController.swift */ = {isa = PBXFileReference; fileEncoding = 4; lastKnownFileType = sourcecode.swift; path = TaskListController.swift; sourceTree = "<group>"; };
		E74EEB01253E9A250053B0A6 /* ArbeitFirebase.entitlements */ = {isa = PBXFileReference; lastKnownFileType = text.plist.entitlements; path = ArbeitFirebase.entitlements; sourceTree = "<group>"; };
/* End PBXFileReference section */

/* Begin PBXFrameworksBuildPhase section */
		E74EEA9D253E0B9B0053B0A6 /* Frameworks */ = {
			isa = PBXFrameworksBuildPhase;
			buildActionMask = 2147483647;
			files = (
				0533D0C14A00D2DCCBF689FF /* Pods_ArbeitFirebase.framework in Frameworks */,
			);
			runOnlyForDeploymentPostprocessing = 0;
		};
/* End PBXFrameworksBuildPhase section */

/* Begin PBXGroup section */
		0C0CBDA714C9B29AE36F1B8B /* Frameworks */ = {
			isa = PBXGroup;
			children = (
				83A60E5EA82CC02BE558EF75 /* Pods_ArbeitFirebase.framework */,
			);
			name = Frameworks;
			sourceTree = "<group>";
		};
		A4B577D0B0D7F8B6521E62AB /* Pods */ = {
			isa = PBXGroup;
			children = (
				D8BCCF0E7FE54BDA575E44A6 /* Pods-ArbeitFirebase.debug.xcconfig */,
				0EF23B91E96D6B1C1CB56CEA /* Pods-ArbeitFirebase.release.xcconfig */,
			);
			path = Pods;
			sourceTree = "<group>";
		};
		E74EEA97253E0B9B0053B0A6 = {
			isa = PBXGroup;
			children = (
				E74EEAA2253E0B9B0053B0A6 /* ArbeitFirebase */,
				E74EEAA1253E0B9B0053B0A6 /* Products */,
				A4B577D0B0D7F8B6521E62AB /* Pods */,
				0C0CBDA714C9B29AE36F1B8B /* Frameworks */,
			);
			sourceTree = "<group>";
		};
		E74EEAA1253E0B9B0053B0A6 /* Products */ = {
			isa = PBXGroup;
			children = (
				E74EEAA0253E0B9B0053B0A6 /* ArbeitFirebase.app */,
			);
			name = Products;
			sourceTree = "<group>";
		};
		E74EEAA2253E0B9B0053B0A6 /* ArbeitFirebase */ = {
			isa = PBXGroup;
			children = (
				E74EEB01253E9A250053B0A6 /* ArbeitFirebase.entitlements */,
				E74EEAB1253E0B9C0053B0A6 /* Info.plist */,
				E74EEADE253E3E500053B0A6 /* GoogleService-Info.plist */,
				E74EEAC4253E21010053B0A6 /* Controllers */,
				E74EEAC3253E20E80053B0A6 /* Views */,
				E74EEAC2253E20DC0053B0A6 /* Delegates */,
				E74EEAC1253E20C90053B0A6 /* Models */,
				E74EEAAC253E0B9C0053B0A6 /* Assets.xcassets */,
				E74EEAAE253E0B9C0053B0A6 /* LaunchScreen.storyboard */,
			);
			path = ArbeitFirebase;
			sourceTree = "<group>";
		};
		E74EEAC1253E20C90053B0A6 /* Models */ = {
			isa = PBXGroup;
			children = (
				E74EEAC5253E21160053B0A6 /* Task.swift */,
				E74EEAC9253E21A00053B0A6 /* User.swift */,
			);
			path = Models;
			sourceTree = "<group>";
		};
		E74EEAC2253E20DC0053B0A6 /* Delegates */ = {
			isa = PBXGroup;
			children = (
				E74EEAA3253E0B9B0053B0A6 /* AppDelegate.swift */,
				E74EEAA5253E0B9B0053B0A6 /* SceneDelegate.swift */,
			);
			path = Delegates;
			sourceTree = "<group>";
		};
		E74EEAC3253E20E80053B0A6 /* Views */ = {
			isa = PBXGroup;
			children = (
				E74EEAA9253E0B9B0053B0A6 /* Main.storyboard */,
			);
			path = Views;
			sourceTree = "<group>";
		};
		E74EEAC4253E21010053B0A6 /* Controllers */ = {
			isa = PBXGroup;
			children = (
				E74EEAF2253E42570053B0A6 /* LoginController.swift */,
				E74EEAF7253E4EAB0053B0A6 /* TaskListController.swift */,
			);
			path = Controllers;
			sourceTree = "<group>";
		};
/* End PBXGroup section */

/* Begin PBXNativeTarget section */
		E74EEA9F253E0B9B0053B0A6 /* ArbeitFirebase */ = {
			isa = PBXNativeTarget;
			buildConfigurationList = E74EEAB4253E0B9C0053B0A6 /* Build configuration list for PBXNativeTarget "ArbeitFirebase" */;
			buildPhases = (
				940F80474FF9DA1C79182CB6 /* [CP] Check Pods Manifest.lock */,
				E74EEA9C253E0B9B0053B0A6 /* Sources */,
				E74EEA9D253E0B9B0053B0A6 /* Frameworks */,
				E74EEA9E253E0B9B0053B0A6 /* Resources */,
				1EA11C71A14577C9C452F2CD /* [CP] Embed Pods Frameworks */,
			);
			buildRules = (
			);
			dependencies = (
			);
			name = ArbeitFirebase;
			productName = ArbeitFirebase;
			productReference = E74EEAA0253E0B9B0053B0A6 /* ArbeitFirebase.app */;
			productType = "com.apple.product-type.application";
		};
/* End PBXNativeTarget section */

/* Begin PBXProject section */
		E74EEA98253E0B9B0053B0A6 /* Project object */ = {
			isa = PBXProject;
			attributes = {
				LastSwiftUpdateCheck = 1210;
				LastUpgradeCheck = 1210;
				TargetAttributes = {
					E74EEA9F253E0B9B0053B0A6 = {
						CreatedOnToolsVersion = 12.1;
					};
				};
			};
			buildConfigurationList = E74EEA9B253E0B9B0053B0A6 /* Build configuration list for PBXProject "ArbeitFirebase" */;
			compatibilityVersion = "Xcode 9.3";
			developmentRegion = en;
			hasScannedForEncodings = 0;
			knownRegions = (
				en,
				Base,
			);
			mainGroup = E74EEA97253E0B9B0053B0A6;
			productRefGroup = E74EEAA1253E0B9B0053B0A6 /* Products */;
			projectDirPath = "";
			projectRoot = "";
			targets = (
				E74EEA9F253E0B9B0053B0A6 /* ArbeitFirebase */,
			);
		};
/* End PBXProject section */

/* Begin PBXResourcesBuildPhase section */
		E74EEA9E253E0B9B0053B0A6 /* Resources */ = {
			isa = PBXResourcesBuildPhase;
			buildActionMask = 2147483647;
			files = (
				E74EEAB0253E0B9C0053B0A6 /* LaunchScreen.storyboard in Resources */,
				E74EEADF253E3E500053B0A6 /* GoogleService-Info.plist in Resources */,
				E74EEAAD253E0B9C0053B0A6 /* Assets.xcassets in Resources */,
				E74EEAAB253E0B9B0053B0A6 /* Main.storyboard in Resources */,
			);
			runOnlyForDeploymentPostprocessing = 0;
		};
/* End PBXResourcesBuildPhase section */

/* Begin PBXShellScriptBuildPhase section */
		1EA11C71A14577C9C452F2CD /* [CP] Embed Pods Frameworks */ = {
			isa = PBXShellScriptBuildPhase;
			buildActionMask = 2147483647;
			files = (
			);
			inputFileListPaths = (
				"${PODS_ROOT}/Target Support Files/Pods-ArbeitFirebase/Pods-ArbeitFirebase-frameworks-${CONFIGURATION}-input-files.xcfilelist",
			);
			name = "[CP] Embed Pods Frameworks";
			outputFileListPaths = (
				"${PODS_ROOT}/Target Support Files/Pods-ArbeitFirebase/Pods-ArbeitFirebase-frameworks-${CONFIGURATION}-output-files.xcfilelist",
			);
			runOnlyForDeploymentPostprocessing = 0;
			shellPath = /bin/sh;
			shellScript = "\"${PODS_ROOT}/Target Support Files/Pods-ArbeitFirebase/Pods-ArbeitFirebase-frameworks.sh\"\n";
			showEnvVarsInLog = 0;
		};
		940F80474FF9DA1C79182CB6 /* [CP] Check Pods Manifest.lock */ = {
			isa = PBXShellScriptBuildPhase;
			buildActionMask = 2147483647;
			files = (
			);
			inputFileListPaths = (
			);
			inputPaths = (
				"${PODS_PODFILE_DIR_PATH}/Podfile.lock",
				"${PODS_ROOT}/Manifest.lock",
			);
			name = "[CP] Check Pods Manifest.lock";
			outputFileListPaths = (
			);
			outputPaths = (
				"$(DERIVED_FILE_DIR)/Pods-ArbeitFirebase-checkManifestLockResult.txt",
			);
			runOnlyForDeploymentPostprocessing = 0;
			shellPath = /bin/sh;
			shellScript = "diff \"${PODS_PODFILE_DIR_PATH}/Podfile.lock\" \"${PODS_ROOT}/Manifest.lock\" > /dev/null\nif [ $? != 0 ] ; then\n    # print error to STDERR\n    echo \"error: The sandbox is not in sync with the Podfile.lock. Run 'pod install' or update your CocoaPods installation.\" >&2\n    exit 1\nfi\n# This output is used by Xcode 'outputs' to avoid re-running this script phase.\necho \"SUCCESS\" > \"${SCRIPT_OUTPUT_FILE_0}\"\n";
			showEnvVarsInLog = 0;
		};
/* End PBXShellScriptBuildPhase section */

/* Begin PBXSourcesBuildPhase section */
		E74EEA9C253E0B9B0053B0A6 /* Sources */ = {
			isa = PBXSourcesBuildPhase;
			buildActionMask = 2147483647;
			files = (
				E74EEAC6253E21160053B0A6 /* Task.swift in Sources */,
				E74EEAF3253E42570053B0A6 /* LoginController.swift in Sources */,
				E74EEAF8253E4EAB0053B0A6 /* TaskListController.swift in Sources */,
				E74EEAA4253E0B9B0053B0A6 /* AppDelegate.swift in Sources */,
				E74EEACA253E21A00053B0A6 /* User.swift in Sources */,
				E74EEAA6253E0B9B0053B0A6 /* SceneDelegate.swift in Sources */,
			);
			runOnlyForDeploymentPostprocessing = 0;
		};
/* End PBXSourcesBuildPhase section */

/* Begin PBXVariantGroup section */
		E74EEAA9253E0B9B0053B0A6 /* Main.storyboard */ = {
			isa = PBXVariantGroup;
			children = (
				E74EEAAA253E0B9B0053B0A6 /* Base */,
			);
			name = Main.storyboard;
			sourceTree = "<group>";
		};
		E74EEAAE253E0B9C0053B0A6 /* LaunchScreen.storyboard */ = {
			isa = PBXVariantGroup;
			children = (
				E74EEAAF253E0B9C0053B0A6 /* Base */,
			);
			name = LaunchScreen.storyboard;
			sourceTree = "<group>";
		};
/* End PBXVariantGroup section */

/* Begin XCBuildConfiguration section */
		E74EEAB2253E0B9C0053B0A6 /* Debug */ = {
			isa = XCBuildConfiguration;
			buildSettings = {
				ALWAYS_SEARCH_USER_PATHS = NO;
				CLANG_ANALYZER_NONNULL = YES;
				CLANG_ANALYZER_NUMBER_OBJECT_CONVERSION = YES_AGGRESSIVE;
				CLANG_CXX_LANGUAGE_STANDARD = "gnu++14";
				CLANG_CXX_LIBRARY = "libc++";
				CLANG_ENABLE_MODULES = YES;
				CLANG_ENABLE_OBJC_ARC = YES;
				CLANG_ENABLE_OBJC_WEAK = YES;
				CLANG_WARN_BLOCK_CAPTURE_AUTORELEASING = YES;
				CLANG_WARN_BOOL_CONVERSION = YES;
				CLANG_WARN_COMMA = YES;
				CLANG_WARN_CONSTANT_CONVERSION = YES;
				CLANG_WARN_DEPRECATED_OBJC_IMPLEMENTATIONS = YES;
				CLANG_WARN_DIRECT_OBJC_ISA_USAGE = YES_ERROR;
				CLANG_WARN_DOCUMENTATION_COMMENTS = YES;
				CLANG_WARN_EMPTY_BODY = YES;
				CLANG_WARN_ENUM_CONVERSION = YES;
				CLANG_WARN_INFINITE_RECURSION = YES;
				CLANG_WARN_INT_CONVERSION = YES;
				CLANG_WARN_NON_LITERAL_NULL_CONVERSION = YES;
				CLANG_WARN_OBJC_IMPLICIT_RETAIN_SELF = YES;
				CLANG_WARN_OBJC_LITERAL_CONVERSION = YES;
				CLANG_WARN_OBJC_ROOT_CLASS = YES_ERROR;
				CLANG_WARN_QUOTED_INCLUDE_IN_FRAMEWORK_HEADER = YES;
				CLANG_WARN_RANGE_LOOP_ANALYSIS = YES;
				CLANG_WARN_STRICT_PROTOTYPES = YES;
				CLANG_WARN_SUSPICIOUS_MOVE = YES;
				CLANG_WARN_UNGUARDED_AVAILABILITY = YES_AGGRESSIVE;
				CLANG_WARN_UNREACHABLE_CODE = YES;
				CLANG_WARN__DUPLICATE_METHOD_MATCH = YES;
				COPY_PHASE_STRIP = NO;
				DEBUG_INFORMATION_FORMAT = dwarf;
				ENABLE_STRICT_OBJC_MSGSEND = YES;
				ENABLE_TESTABILITY = YES;
				GCC_C_LANGUAGE_STANDARD = gnu11;
				GCC_DYNAMIC_NO_PIC = NO;
				GCC_NO_COMMON_BLOCKS = YES;
				GCC_OPTIMIZATION_LEVEL = 0;
				GCC_PREPROCESSOR_DEFINITIONS = (
					"DEBUG=1",
					"$(inherited)",
				);
				GCC_WARN_64_TO_32_BIT_CONVERSION = YES;
				GCC_WARN_ABOUT_RETURN_TYPE = YES_ERROR;
				GCC_WARN_UNDECLARED_SELECTOR = YES;
				GCC_WARN_UNINITIALIZED_AUTOS = YES_AGGRESSIVE;
				GCC_WARN_UNUSED_FUNCTION = YES;
				GCC_WARN_UNUSED_VARIABLE = YES;
				IPHONEOS_DEPLOYMENT_TARGET = 14.1;
				MTL_ENABLE_DEBUG_INFO = INCLUDE_SOURCE;
				MTL_FAST_MATH = YES;
				ONLY_ACTIVE_ARCH = YES;
				SDKROOT = iphoneos;
				SWIFT_ACTIVE_COMPILATION_CONDITIONS = DEBUG;
				SWIFT_OPTIMIZATION_LEVEL = "-Onone";
			};
			name = Debug;
		};
		E74EEAB3253E0B9C0053B0A6 /* Release */ = {
			isa = XCBuildConfiguration;
			buildSettings = {
				ALWAYS_SEARCH_USER_PATHS = NO;
				CLANG_ANALYZER_NONNULL = YES;
				CLANG_ANALYZER_NUMBER_OBJECT_CONVERSION = YES_AGGRESSIVE;
				CLANG_CXX_LANGUAGE_STANDARD = "gnu++14";
				CLANG_CXX_LIBRARY = "libc++";
				CLANG_ENABLE_MODULES = YES;
				CLANG_ENABLE_OBJC_ARC = YES;
				CLANG_ENABLE_OBJC_WEAK = YES;
				CLANG_WARN_BLOCK_CAPTURE_AUTORELEASING = YES;
				CLANG_WARN_BOOL_CONVERSION = YES;
				CLANG_WARN_COMMA = YES;
				CLANG_WARN_CONSTANT_CONVERSION = YES;
				CLANG_WARN_DEPRECATED_OBJC_IMPLEMENTATIONS = YES;
				CLANG_WARN_DIRECT_OBJC_ISA_USAGE = YES_ERROR;
				CLANG_WARN_DOCUMENTATION_COMMENTS = YES;
				CLANG_WARN_EMPTY_BODY = YES;
				CLANG_WARN_ENUM_CONVERSION = YES;
				CLANG_WARN_INFINITE_RECURSION = YES;
				CLANG_WARN_INT_CONVERSION = YES;
				CLANG_WARN_NON_LITERAL_NULL_CONVERSION = YES;
				CLANG_WARN_OBJC_IMPLICIT_RETAIN_SELF = YES;
				CLANG_WARN_OBJC_LITERAL_CONVERSION = YES;
				CLANG_WARN_OBJC_ROOT_CLASS = YES_ERROR;
				CLANG_WARN_QUOTED_INCLUDE_IN_FRAMEWORK_HEADER = YES;
				CLANG_WARN_RANGE_LOOP_ANALYSIS = YES;
				CLANG_WARN_STRICT_PROTOTYPES = YES;
				CLANG_WARN_SUSPICIOUS_MOVE = YES;
				CLANG_WARN_UNGUARDED_AVAILABILITY = YES_AGGRESSIVE;
				CLANG_WARN_UNREACHABLE_CODE = YES;
				CLANG_WARN__DUPLICATE_METHOD_MATCH = YES;
				COPY_PHASE_STRIP = NO;
				DEBUG_INFORMATION_FORMAT = "dwarf-with-dsym";
				ENABLE_NS_ASSERTIONS = NO;
				ENABLE_STRICT_OBJC_MSGSEND = YES;
				GCC_C_LANGUAGE_STANDARD = gnu11;
				GCC_NO_COMMON_BLOCKS = YES;
				GCC_WARN_64_TO_32_BIT_CONVERSION = YES;
				GCC_WARN_ABOUT_RETURN_TYPE = YES_ERROR;
				GCC_WARN_UNDECLARED_SELECTOR = YES;
				GCC_WARN_UNINITIALIZED_AUTOS = YES_AGGRESSIVE;
				GCC_WARN_UNUSED_FUNCTION = YES;
				GCC_WARN_UNUSED_VARIABLE = YES;
				IPHONEOS_DEPLOYMENT_TARGET = 14.1;
				MTL_ENABLE_DEBUG_INFO = NO;
				MTL_FAST_MATH = YES;
				SDKROOT = iphoneos;
				SWIFT_COMPILATION_MODE = wholemodule;
				SWIFT_OPTIMIZATION_LEVEL = "-O";
				VALIDATE_PRODUCT = YES;
			};
			name = Release;
		};
		E74EEAB5253E0B9C0053B0A6 /* Debug */ = {
			isa = XCBuildConfiguration;
			baseConfigurationReference = D8BCCF0E7FE54BDA575E44A6 /* Pods-ArbeitFirebase.debug.xcconfig */;
			buildSettings = {
				ASSETCATALOG_COMPILER_APPICON_NAME = AppIcon;
				ASSETCATALOG_COMPILER_GLOBAL_ACCENT_COLOR_NAME = AccentColor;
				CODE_SIGN_ENTITLEMENTS = ArbeitFirebase/ArbeitFirebase.entitlements;
				CODE_SIGN_STYLE = Automatic;
				DEVELOPMENT_TEAM = X94WPSRU4C;
				INFOPLIST_FILE = ArbeitFirebase/Info.plist;
				LD_RUNPATH_SEARCH_PATHS = (
					"$(inherited)",
					"@executable_path/Frameworks",
				);
				PRODUCT_BUNDLE_IDENTIFIER = net.profh.ArbeitFirebase;
				PRODUCT_NAME = "$(TARGET_NAME)";
				SWIFT_VERSION = 5.0;
				TARGETED_DEVICE_FAMILY = "1,2";
			};
			name = Debug;
		};
		E74EEAB6253E0B9C0053B0A6 /* Release */ = {
			isa = XCBuildConfiguration;
			baseConfigurationReference = 0EF23B91E96D6B1C1CB56CEA /* Pods-ArbeitFirebase.release.xcconfig */;
			buildSettings = {
				ASSETCATALOG_COMPILER_APPICON_NAME = AppIcon;
				ASSETCATALOG_COMPILER_GLOBAL_ACCENT_COLOR_NAME = AccentColor;
				CODE_SIGN_ENTITLEMENTS = ArbeitFirebase/ArbeitFirebase.entitlements;
				CODE_SIGN_STYLE = Automatic;
				DEVELOPMENT_TEAM = X94WPSRU4C;
				INFOPLIST_FILE = ArbeitFirebase/Info.plist;
				LD_RUNPATH_SEARCH_PATHS = (
					"$(inherited)",
					"@executable_path/Frameworks",
				);
				PRODUCT_BUNDLE_IDENTIFIER = net.profh.ArbeitFirebase;
				PRODUCT_NAME = "$(TARGET_NAME)";
				SWIFT_VERSION = 5.0;
				TARGETED_DEVICE_FAMILY = "1,2";
			};
			name = Release;
		};
/* End XCBuildConfiguration section */

/* Begin XCConfigurationList section */
		E74EEA9B253E0B9B0053B0A6 /* Build configuration list for PBXProject "ArbeitFirebase" */ = {
			isa = XCConfigurationList;
			buildConfigurations = (
				E74EEAB2253E0B9C0053B0A6 /* Debug */,
				E74EEAB3253E0B9C0053B0A6 /* Release */,
			);
			defaultConfigurationIsVisible = 0;
			defaultConfigurationName = Release;
		};
		E74EEAB4253E0B9C0053B0A6 /* Build configuration list for PBXNativeTarget "ArbeitFirebase" */ = {
			isa = XCConfigurationList;
			buildConfigurations = (
				E74EEAB5253E0B9C0053B0A6 /* Debug */,
				E74EEAB6253E0B9C0053B0A6 /* Release */,
			);
			defaultConfigurationIsVisible = 0;
			defaultConfigurationName = Release;
		};
/* End XCConfigurationList section */
	};
	rootObject = E74EEA98253E0B9B0053B0A6 /* Project object */;
}
